
Microsoft Visual Studio Solution File, Format Version 12.00
# Visual Studio Version 17
VisualStudioVersion = 17.7.34024.191
MinimumVisualStudioVersion = 10.0.40219.1
Project("{FAE04EC0-301F-11D3-BF4B-00C04F79EFBC}") = "Classes", "Classes\Classes.csproj", "{E2512A31-35D7-4630-A096-0339D36A13A6}"
EndProject
Project("{FAE04EC0-301F-11D3-BF4B-00C04F79EFBC}") = "AbstractClass", "AbstractClass\AbstractClass.csproj", "{08BE3461-575A-4AE5-8A8B-264EFCBDD8DC}"
EndProject
Global
	GlobalSection(SolutionConfigurationPlatforms) = preSolution
		Debug|Any CPU = Debug|Any CPU
		Release|Any CPU = Release|Any CPU
	EndGlobalSection
	GlobalSection(ProjectConfigurationPlatforms) = postSolution
		{E2512A31-35D7-4630-A096-0339D36A13A6}.Debug|Any CPU.ActiveCfg = Debug|Any CPU
		{E2512A31-35D7-4630-A096-0339D36A13A6}.Debug|Any CPU.Build.0 = Debug|Any CPU
		{E2512A31-35D7-4630-A096-0339D36A13A6}.Release|Any CPU.ActiveCfg = Release|Any CPU
		{E2512A31-35D7-4630-A096-0339D36A13A6}.Release|Any CPU.Build.0 = Release|Any CPU
		{08BE3461-575A-4AE5-8A8B-264EFCBDD8DC}.Debug|Any CPU.ActiveCfg = Debug|Any CPU
		{08BE3461-575A-4AE5-8A8B-264EFCBDD8DC}.Debug|Any CPU.Build.0 = Debug|Any CPU
		{08BE3461-575A-4AE5-8A8B-264EFCBDD8DC}.Release|Any CPU.ActiveCfg = Release|Any CPU
		{08BE3461-575A-4AE5-8A8B-264EFCBDD8DC}.Release|Any CPU.Build.0 = Release|Any CPU
	EndGlobalSection
	GlobalSection(SolutionProperties) = preSolution
		HideSolutionNode = FALSE
	EndGlobalSection
	GlobalSection(ExtensibilityGlobals) = postSolution
		SolutionGuid = {199B7E5D-73A6-4743-932E-3E7905D1B4E4}
	EndGlobalSection
EndGlobal
