
Microsoft Visual Studio Solution File, Format Version 12.00
# Visual Studio Version 17
VisualStudioVersion = 17.7.34024.191
MinimumVisualStudioVersion = 10.0.40219.1
Project("{FAE04EC0-301F-11D3-BF4B-00C04F79EFBC}") = "Lesson.Delegates", "Lesson.Delegates\Lesson.Delegates.csproj", "{2E39106E-F1C6-4928-AEAF-5F4FD1D37E95}"
EndProject
Global
	GlobalSection(SolutionConfigurationPlatforms) = preSolution
		Debug|Any CPU = Debug|Any CPU
		Release|Any CPU = Release|Any CPU
	EndGlobalSection
	GlobalSection(ProjectConfigurationPlatforms) = postSolution
		{2E39106E-F1C6-4928-AEAF-5F4FD1D37E95}.Debug|Any CPU.ActiveCfg = Debug|Any CPU
		{2E39106E-F1C6-4928-AEAF-5F4FD1D37E95}.Debug|Any CPU.Build.0 = Debug|Any CPU
		{2E39106E-F1C6-4928-AEAF-5F4FD1D37E95}.Release|Any CPU.ActiveCfg = Release|Any CPU
		{2E39106E-F1C6-4928-AEAF-5F4FD1D37E95}.Release|Any CPU.Build.0 = Release|Any CPU
	EndGlobalSection
	GlobalSection(SolutionProperties) = preSolution
		HideSolutionNode = FALSE
	EndGlobalSection
	GlobalSection(ExtensibilityGlobals) = postSolution
		SolutionGuid = {199B7E5D-73A6-4743-932E-3E7905D1B4E4}
	EndGlobalSection
EndGlobal
